// !$*UTF8*$!
{
	archiveVersion = 1;
	classes = {
	};
	objectVersion = 55;
	objects = {

/* Begin PBXBuildFile section */
		55555DBA287C86AD006AA5C0 /* TCHSharedTexture.m in Sources */ = {isa = PBXBuildFile; fileRef = 55555DB9287C86AD006AA5C0 /* TCHSharedTexture.m */; };
		55555DBD287C8DD5006AA5C0 /* TCHResourceCache.m in Sources */ = {isa = PBXBuildFile; fileRef = 55555DBC287C8DD5006AA5C0 /* TCHResourceCache.m */; };
		558D6CDC2811AF830036F5AB /* AppDelegate.m in Sources */ = {isa = PBXBuildFile; fileRef = 558D6CDB2811AF830036F5AB /* AppDelegate.m */; };
		558D6CDF2811AF830036F5AB /* ViewController.m in Sources */ = {isa = PBXBuildFile; fileRef = 558D6CDE2811AF830036F5AB /* ViewController.m */; };
		558D6CE12811AF840036F5AB /* Assets.xcassets in Resources */ = {isa = PBXBuildFile; fileRef = 558D6CE02811AF840036F5AB /* Assets.xcassets */; };
		558D6CE42811AF840036F5AB /* Main.storyboard in Resources */ = {isa = PBXBuildFile; fileRef = 558D6CE22811AF840036F5AB /* Main.storyboard */; };
		558D6CE62811AF840036F5AB /* main.m in Sources */ = {isa = PBXBuildFile; fileRef = 558D6CE52811AF840036F5AB /* main.m */; };
		558D6CEF2811AF9D0036F5AB /* TouchEngine.framework in Frameworks */ = {isa = PBXBuildFile; fileRef = 558D6CEE2811AF9D0036F5AB /* TouchEngine.framework */; };
		558D6CF02811AF9D0036F5AB /* TouchEngine.framework in Embed Frameworks */ = {isa = PBXBuildFile; fileRef = 558D6CEE2811AF9D0036F5AB /* TouchEngine.framework */; settings = {ATTRIBUTES = (CodeSignOnCopy, RemoveHeadersOnCopy, ); }; };
		558D6CF9281BD9030036F5AB /* UniformTypeIdentifiers.framework in Frameworks */ = {isa = PBXBuildFile; fileRef = 558D6CF8281BD9030036F5AB /* UniformTypeIdentifiers.framework */; };
		55B591E6288EFBCB00E4E73F /* TCHTexturePool.mm in Sources */ = {isa = PBXBuildFile; fileRef = 55B591E5288EFBCB00E4E73F /* TCHTexturePool.mm */; };
		55E526A72875B8B20043868A /* MetalRenderer.mm in Sources */ = {isa = PBXBuildFile; fileRef = 55E526A62875B8B20043868A /* MetalRenderer.mm */; };
		55E526AC287849CE0043868A /* Shaders.metal in Sources */ = {isa = PBXBuildFile; fileRef = 55E526AB287849CE0043868A /* Shaders.metal */; };
		55E526AE28784FEE0043868A /* displace.tox in Resources */ = {isa = PBXBuildFile; fileRef = 55E526AD28784FD90043868A /* displace.tox */; };
		55E526B42878C7F40043868A /* TouchEngineRenderer.mm in Sources */ = {isa = PBXBuildFile; fileRef = 55E526B32878C7F40043868A /* TouchEngineRenderer.mm */; };
		55F2EDC22887F7510038362A /* TCHTexture.mm in Sources */ = {isa = PBXBuildFile; fileRef = 55F2EDC12887F7510038362A /* TCHTexture.mm */; };
		55F2EDC52887F7620038362A /* TCHSharedEvent.mm in Sources */ = {isa = PBXBuildFile; fileRef = 55F2EDC42887F7620038362A /* TCHSharedEvent.mm */; };
/* End PBXBuildFile section */

/* Begin PBXCopyFilesBuildPhase section */
		558D6CF12811AF9D0036F5AB /* Embed Frameworks */ = {
			isa = PBXCopyFilesBuildPhase;
			buildActionMask = 2147483647;
			dstPath = "";
			dstSubfolderSpec = 10;
			files = (
				558D6CF02811AF9D0036F5AB /* TouchEngine.framework in Embed Frameworks */,
			);
			name = "Embed Frameworks";
			runOnlyForDeploymentPostprocessing = 0;
		};
/* End PBXCopyFilesBuildPhase section */

/* Begin PBXFileReference section */
		5546B00528E7255D0045809C /* TCH_TouchEngine.h */ = {isa = PBXFileReference; lastKnownFileType = sourcecode.c.h; path = TCH_TouchEngine.h; sourceTree = "<group>"; };
		55555DB8287C86AD006AA5C0 /* TCHSharedTexture.h */ = {isa = PBXFileReference; lastKnownFileType = sourcecode.c.h; path = TCHSharedTexture.h; sourceTree = "<group>"; };
		55555DB9287C86AD006AA5C0 /* TCHSharedTexture.m */ = {isa = PBXFileReference; lastKnownFileType = sourcecode.c.objc; path = TCHSharedTexture.m; sourceTree = "<group>"; };
		55555DBB287C8DD5006AA5C0 /* TCHResourceCache.h */ = {isa = PBXFileReference; lastKnownFileType = sourcecode.c.h; path = TCHResourceCache.h; sourceTree = "<group>"; };
		55555DBC287C8DD5006AA5C0 /* TCHResourceCache.m */ = {isa = PBXFileReference; lastKnownFileType = sourcecode.c.objc; path = TCHResourceCache.m; sourceTree = "<group>"; };
		558D6CD72811AF830036F5AB /* Hello TouchEngine.app */ = {isa = PBXFileReference; explicitFileType = wrapper.application; includeInIndex = 0; path = "Hello TouchEngine.app"; sourceTree = BUILT_PRODUCTS_DIR; };
		558D6CDA2811AF830036F5AB /* AppDelegate.h */ = {isa = PBXFileReference; lastKnownFileType = sourcecode.c.h; path = AppDelegate.h; sourceTree = "<group>"; };
		558D6CDB2811AF830036F5AB /* AppDelegate.m */ = {isa = PBXFileReference; lastKnownFileType = sourcecode.c.objc; path = AppDelegate.m; sourceTree = "<group>"; };
		558D6CDD2811AF830036F5AB /* ViewController.h */ = {isa = PBXFileReference; lastKnownFileType = sourcecode.c.h; path = ViewController.h; sourceTree = "<group>"; };
		558D6CDE2811AF830036F5AB /* ViewController.m */ = {isa = PBXFileReference; lastKnownFileType = sourcecode.c.objc; path = ViewController.m; sourceTree = "<group>"; };
		558D6CE02811AF840036F5AB /* Assets.xcassets */ = {isa = PBXFileReference; lastKnownFileType = folder.assetcatalog; path = Assets.xcassets; sourceTree = "<group>"; };
		558D6CE32811AF840036F5AB /* Base */ = {isa = PBXFileReference; lastKnownFileType = file.storyboard; name = Base; path = Base.lproj/Main.storyboard; sourceTree = "<group>"; };
		558D6CE52811AF840036F5AB /* main.m */ = {isa = PBXFileReference; lastKnownFileType = sourcecode.c.objc; path = main.m; sourceTree = "<group>"; };
		558D6CE72811AF840036F5AB /* Hello TouchEngine.entitlements */ = {isa = PBXFileReference; lastKnownFileType = text.plist.entitlements; path = "Hello TouchEngine.entitlements"; sourceTree = "<group>"; };
		558D6CEE2811AF9D0036F5AB /* TouchEngine.framework */ = {isa = PBXFileReference; lastKnownFileType = wrapper.framework; path = TouchEngine.framework; sourceTree = "<group>"; };
		558D6CF8281BD9030036F5AB /* UniformTypeIdentifiers.framework */ = {isa = PBXFileReference; lastKnownFileType = wrapper.framework; name = UniformTypeIdentifiers.framework; path = System/Library/Frameworks/UniformTypeIdentifiers.framework; sourceTree = SDKROOT; };
		558D6CFA281BD96C0036F5AB /* Info.plist */ = {isa = PBXFileReference; lastKnownFileType = text.plist; path = Info.plist; sourceTree = "<group>"; };
		55B591E4288EFBCB00E4E73F /* TCHTexturePool.h */ = {isa = PBXFileReference; lastKnownFileType = sourcecode.c.h; path = TCHTexturePool.h; sourceTree = "<group>"; };
		55B591E5288EFBCB00E4E73F /* TCHTexturePool.mm */ = {isa = PBXFileReference; lastKnownFileType = sourcecode.cpp.objcpp; path = TCHTexturePool.mm; sourceTree = "<group>"; };
		55E526A52875B8B20043868A /* MetalRenderer.h */ = {isa = PBXFileReference; lastKnownFileType = sourcecode.c.h; path = MetalRenderer.h; sourceTree = "<group>"; };
		55E526A62875B8B20043868A /* MetalRenderer.mm */ = {isa = PBXFileReference; lastKnownFileType = sourcecode.cpp.objcpp; path = MetalRenderer.mm; sourceTree = "<group>"; };
		55E526AA2878496D0043868A /* ShaderTypes.h */ = {isa = PBXFileReference; lastKnownFileType = sourcecode.c.h; path = ShaderTypes.h; sourceTree = "<group>"; };
		55E526AB287849CE0043868A /* Shaders.metal */ = {isa = PBXFileReference; lastKnownFileType = sourcecode.metal; path = Shaders.metal; sourceTree = "<group>"; };
		55E526AD28784FD90043868A /* displace.tox */ = {isa = PBXFileReference; lastKnownFileType = file; path = displace.tox; sourceTree = "<group>"; };
		55E526B22878C7F40043868A /* TouchEngineRenderer.h */ = {isa = PBXFileReference; lastKnownFileType = sourcecode.c.h; path = TouchEngineRenderer.h; sourceTree = "<group>"; };
		55E526B32878C7F40043868A /* TouchEngineRenderer.mm */ = {isa = PBXFileReference; lastKnownFileType = sourcecode.cpp.objcpp; path = TouchEngineRenderer.mm; sourceTree = "<group>"; };
		55F2EDC02887F7510038362A /* TCHTexture.h */ = {isa = PBXFileReference; lastKnownFileType = sourcecode.c.h; path = TCHTexture.h; sourceTree = "<group>"; };
		55F2EDC12887F7510038362A /* TCHTexture.mm */ = {isa = PBXFileReference; lastKnownFileType = sourcecode.cpp.objcpp; path = TCHTexture.mm; sourceTree = "<group>"; };
		55F2EDC32887F7620038362A /* TCHSharedEvent.h */ = {isa = PBXFileReference; lastKnownFileType = sourcecode.c.h; path = TCHSharedEvent.h; sourceTree = "<group>"; };
		55F2EDC42887F7620038362A /* TCHSharedEvent.mm */ = {isa = PBXFileReference; lastKnownFileType = sourcecode.cpp.objcpp; path = TCHSharedEvent.mm; sourceTree = "<group>"; };
/* End PBXFileReference section */

/* Begin PBXFrameworksBuildPhase section */
		558D6CD42811AF830036F5AB /* Frameworks */ = {
			isa = PBXFrameworksBuildPhase;
			buildActionMask = 2147483647;
			files = (
				558D6CF9281BD9030036F5AB /* UniformTypeIdentifiers.framework in Frameworks */,
				558D6CEF2811AF9D0036F5AB /* TouchEngine.framework in Frameworks */,
			);
			runOnlyForDeploymentPostprocessing = 0;
		};
/* End PBXFrameworksBuildPhase section */

/* Begin PBXGroup section */
		558D6CCE2811AF830036F5AB = {
			isa = PBXGroup;
			children = (
				558D6CD92811AF830036F5AB /* Hello TouchEngine */,
				558D6CD82811AF830036F5AB /* Products */,
				558D6CED2811AF9D0036F5AB /* Frameworks */,
			);
			sourceTree = "<group>";
		};
		558D6CD82811AF830036F5AB /* Products */ = {
			isa = PBXGroup;
			children = (
				558D6CD72811AF830036F5AB /* Hello TouchEngine.app */,
			);
			name = Products;
			sourceTree = "<group>";
		};
		558D6CD92811AF830036F5AB /* Hello TouchEngine */ = {
			isa = PBXGroup;
			children = (
				558D6CFA281BD96C0036F5AB /* Info.plist */,
				558D6CDA2811AF830036F5AB /* AppDelegate.h */,
				558D6CDB2811AF830036F5AB /* AppDelegate.m */,
				558D6CDD2811AF830036F5AB /* ViewController.h */,
				558D6CDE2811AF830036F5AB /* ViewController.m */,
				558D6CE02811AF840036F5AB /* Assets.xcassets */,
				558D6CE22811AF840036F5AB /* Main.storyboard */,
				558D6CE52811AF840036F5AB /* main.m */,
				558D6CE72811AF840036F5AB /* Hello TouchEngine.entitlements */,
				55E526B22878C7F40043868A /* TouchEngineRenderer.h */,
				55E526B32878C7F40043868A /* TouchEngineRenderer.mm */,
				55E526A52875B8B20043868A /* MetalRenderer.h */,
				55E526A62875B8B20043868A /* MetalRenderer.mm */,
				55E526AA2878496D0043868A /* ShaderTypes.h */,
				55E526AB287849CE0043868A /* Shaders.metal */,
				55E526AD28784FD90043868A /* displace.tox */,
				55555DB8287C86AD006AA5C0 /* TCHSharedTexture.h */,
				55555DB9287C86AD006AA5C0 /* TCHSharedTexture.m */,
				55555DBB287C8DD5006AA5C0 /* TCHResourceCache.h */,
				55555DBC287C8DD5006AA5C0 /* TCHResourceCache.m */,
				55F2EDC02887F7510038362A /* TCHTexture.h */,
				55F2EDC12887F7510038362A /* TCHTexture.mm */,
				55F2EDC32887F7620038362A /* TCHSharedEvent.h */,
				55F2EDC42887F7620038362A /* TCHSharedEvent.mm */,
				55B591E4288EFBCB00E4E73F /* TCHTexturePool.h */,
				55B591E5288EFBCB00E4E73F /* TCHTexturePool.mm */,
				5546B00528E7255D0045809C /* TCH_TouchEngine.h */,
			);
			path = "Hello TouchEngine";
			sourceTree = "<group>";
		};
		558D6CED2811AF9D0036F5AB /* Frameworks */ = {
			isa = PBXGroup;
			children = (
				558D6CF8281BD9030036F5AB /* UniformTypeIdentifiers.framework */,
				558D6CEE2811AF9D0036F5AB /* TouchEngine.framework */,
			);
			name = Frameworks;
			sourceTree = "<group>";
		};
/* End PBXGroup section */

/* Begin PBXNativeTarget section */
		558D6CD62811AF830036F5AB /* Hello TouchEngine */ = {
			isa = PBXNativeTarget;
			buildConfigurationList = 558D6CEA2811AF840036F5AB /* Build configuration list for PBXNativeTarget "Hello TouchEngine" */;
			buildPhases = (
				558D6CD32811AF830036F5AB /* Sources */,
				558D6CD42811AF830036F5AB /* Frameworks */,
				558D6CD52811AF830036F5AB /* Resources */,
				558D6CF12811AF9D0036F5AB /* Embed Frameworks */,
			);
			buildRules = (
			);
			dependencies = (
			);
			name = "Hello TouchEngine";
			productName = TouchEngineTest;
			productReference = 558D6CD72811AF830036F5AB /* Hello TouchEngine.app */;
			productType = "com.apple.product-type.application";
		};
/* End PBXNativeTarget section */

/* Begin PBXProject section */
		558D6CCF2811AF830036F5AB /* Project object */ = {
			isa = PBXProject;
			attributes = {
				BuildIndependentTargetsInParallel = 1;
				LastUpgradeCheck = 1340;
				TargetAttributes = {
					558D6CD62811AF830036F5AB = {
						CreatedOnToolsVersion = 13.3.1;
					};
				};
			};
			buildConfigurationList = 558D6CD22811AF830036F5AB /* Build configuration list for PBXProject "Hello TouchEngine" */;
			compatibilityVersion = "Xcode 13.0";
			developmentRegion = en;
			hasScannedForEncodings = 0;
			knownRegions = (
				en,
				Base,
			);
			mainGroup = 558D6CCE2811AF830036F5AB;
			productRefGroup = 558D6CD82811AF830036F5AB /* Products */;
			projectDirPath = "";
			projectRoot = "";
			targets = (
				558D6CD62811AF830036F5AB /* Hello TouchEngine */,
			);
		};
/* End PBXProject section */

/* Begin PBXResourcesBuildPhase section */
		558D6CD52811AF830036F5AB /* Resources */ = {
			isa = PBXResourcesBuildPhase;
			buildActionMask = 2147483647;
			files = (
				55E526AE28784FEE0043868A /* displace.tox in Resources */,
				558D6CE12811AF840036F5AB /* Assets.xcassets in Resources */,
				558D6CE42811AF840036F5AB /* Main.storyboard in Resources */,
			);
			runOnlyForDeploymentPostprocessing = 0;
		};
/* End PBXResourcesBuildPhase section */

/* Begin PBXSourcesBuildPhase section */
		558D6CD32811AF830036F5AB /* Sources */ = {
			isa = PBXSourcesBuildPhase;
			buildActionMask = 2147483647;
			files = (
				55555DBD287C8DD5006AA5C0 /* TCHResourceCache.m in Sources */,
				55E526B42878C7F40043868A /* TouchEngineRenderer.mm in Sources */,
				55E526A72875B8B20043868A /* MetalRenderer.mm in Sources */,
				558D6CDF2811AF830036F5AB /* ViewController.m in Sources */,
				55F2EDC22887F7510038362A /* TCHTexture.mm in Sources */,
				558D6CE62811AF840036F5AB /* main.m in Sources */,
				558D6CDC2811AF830036F5AB /* AppDelegate.m in Sources */,
				55F2EDC52887F7620038362A /* TCHSharedEvent.mm in Sources */,
				55B591E6288EFBCB00E4E73F /* TCHTexturePool.mm in Sources */,
				55E526AC287849CE0043868A /* Shaders.metal in Sources */,
				55555DBA287C86AD006AA5C0 /* TCHSharedTexture.m in Sources */,
			);
			runOnlyForDeploymentPostprocessing = 0;
		};
/* End PBXSourcesBuildPhase section */

/* Begin PBXVariantGroup section */
		558D6CE22811AF840036F5AB /* Main.storyboard */ = {
			isa = PBXVariantGroup;
			children = (
				558D6CE32811AF840036F5AB /* Base */,
			);
			name = Main.storyboard;
			sourceTree = "<group>";
		};
/* End PBXVariantGroup section */

/* Begin XCBuildConfiguration section */
		558D6CE82811AF840036F5AB /* Debug */ = {
			isa = XCBuildConfiguration;
			buildSettings = {
				ALWAYS_SEARCH_USER_PATHS = NO;
				CLANG_ANALYZER_NONNULL = YES;
				CLANG_ANALYZER_NUMBER_OBJECT_CONVERSION = YES_AGGRESSIVE;
				CLANG_CXX_LANGUAGE_STANDARD = "gnu++17";
				CLANG_ENABLE_MODULES = YES;
				CLANG_ENABLE_OBJC_ARC = YES;
				CLANG_ENABLE_OBJC_WEAK = YES;
				CLANG_WARN_BLOCK_CAPTURE_AUTORELEASING = YES;
				CLANG_WARN_BOOL_CONVERSION = YES;
				CLANG_WARN_COMMA = YES;
				CLANG_WARN_CONSTANT_CONVERSION = YES;
				CLANG_WARN_DEPRECATED_OBJC_IMPLEMENTATIONS = YES;
				CLANG_WARN_DIRECT_OBJC_ISA_USAGE = YES_ERROR;
				CLANG_WARN_DOCUMENTATION_COMMENTS = YES;
				CLANG_WARN_EMPTY_BODY = YES;
				CLANG_WARN_ENUM_CONVERSION = YES;
				CLANG_WARN_INFINITE_RECURSION = YES;
				CLANG_WARN_INT_CONVERSION = YES;
				CLANG_WARN_NON_LITERAL_NULL_CONVERSION = YES;
				CLANG_WARN_OBJC_IMPLICIT_RETAIN_SELF = YES;
				CLANG_WARN_OBJC_LITERAL_CONVERSION = YES;
				CLANG_WARN_OBJC_ROOT_CLASS = YES_ERROR;
				CLANG_WARN_QUOTED_INCLUDE_IN_FRAMEWORK_HEADER = YES;
				CLANG_WARN_RANGE_LOOP_ANALYSIS = YES;
				CLANG_WARN_STRICT_PROTOTYPES = YES;
				CLANG_WARN_SUSPICIOUS_MOVE = YES;
				CLANG_WARN_UNGUARDED_AVAILABILITY = YES_AGGRESSIVE;
				CLANG_WARN_UNREACHABLE_CODE = YES;
				CLANG_WARN__DUPLICATE_METHOD_MATCH = YES;
				COPY_PHASE_STRIP = NO;
				DEBUG_INFORMATION_FORMAT = dwarf;
				ENABLE_STRICT_OBJC_MSGSEND = YES;
				ENABLE_TESTABILITY = YES;
				FRAMEWORK_SEARCH_PATHS = "$(PROJECT_DIR)";
				GCC_C_LANGUAGE_STANDARD = gnu11;
				GCC_DYNAMIC_NO_PIC = NO;
				GCC_NO_COMMON_BLOCKS = YES;
				GCC_OPTIMIZATION_LEVEL = 0;
				GCC_PREPROCESSOR_DEFINITIONS = (
					"DEBUG=1",
					"$(inherited)",
				);
				GCC_WARN_64_TO_32_BIT_CONVERSION = YES;
				GCC_WARN_ABOUT_RETURN_TYPE = YES_ERROR;
				GCC_WARN_UNDECLARED_SELECTOR = YES;
				GCC_WARN_UNINITIALIZED_AUTOS = YES_AGGRESSIVE;
				GCC_WARN_UNUSED_FUNCTION = YES;
				GCC_WARN_UNUSED_VARIABLE = YES;
				MACOSX_DEPLOYMENT_TARGET = 12.3;
				MTL_ENABLE_DEBUG_INFO = INCLUDE_SOURCE;
				MTL_FAST_MATH = YES;
				ONLY_ACTIVE_ARCH = YES;
				SDKROOT = macosx;
			};
			name = Debug;
		};
		558D6CE92811AF840036F5AB /* Release */ = {
			isa = XCBuildConfiguration;
			buildSettings = {
				ALWAYS_SEARCH_USER_PATHS = NO;
				CLANG_ANALYZER_NONNULL = YES;
				CLANG_ANALYZER_NUMBER_OBJECT_CONVERSION = YES_AGGRESSIVE;
				CLANG_CXX_LANGUAGE_STANDARD = "gnu++17";
				CLANG_ENABLE_MODULES = YES;
				CLANG_ENABLE_OBJC_ARC = YES;
				CLANG_ENABLE_OBJC_WEAK = YES;
				CLANG_WARN_BLOCK_CAPTURE_AUTORELEASING = YES;
				CLANG_WARN_BOOL_CONVERSION = YES;
				CLANG_WARN_COMMA = YES;
				CLANG_WARN_CONSTANT_CONVERSION = YES;
				CLANG_WARN_DEPRECATED_OBJC_IMPLEMENTATIONS = YES;
				CLANG_WARN_DIRECT_OBJC_ISA_USAGE = YES_ERROR;
				CLANG_WARN_DOCUMENTATION_COMMENTS = YES;
				CLANG_WARN_EMPTY_BODY = YES;
				CLANG_WARN_ENUM_CONVERSION = YES;
				CLANG_WARN_INFINITE_RECURSION = YES;
				CLANG_WARN_INT_CONVERSION = YES;
				CLANG_WARN_NON_LITERAL_NULL_CONVERSION = YES;
				CLANG_WARN_OBJC_IMPLICIT_RETAIN_SELF = YES;
				CLANG_WARN_OBJC_LITERAL_CONVERSION = YES;
				CLANG_WARN_OBJC_ROOT_CLASS = YES_ERROR;
				CLANG_WARN_QUOTED_INCLUDE_IN_FRAMEWORK_HEADER = YES;
				CLANG_WARN_RANGE_LOOP_ANALYSIS = YES;
				CLANG_WARN_STRICT_PROTOTYPES = YES;
				CLANG_WARN_SUSPICIOUS_MOVE = YES;
				CLANG_WARN_UNGUARDED_AVAILABILITY = YES_AGGRESSIVE;
				CLANG_WARN_UNREACHABLE_CODE = YES;
				CLANG_WARN__DUPLICATE_METHOD_MATCH = YES;
				COPY_PHASE_STRIP = NO;
				DEBUG_INFORMATION_FORMAT = "dwarf-with-dsym";
				ENABLE_NS_ASSERTIONS = NO;
				ENABLE_STRICT_OBJC_MSGSEND = YES;
				FRAMEWORK_SEARCH_PATHS = "$(PROJECT_DIR)";
				GCC_C_LANGUAGE_STANDARD = gnu11;
				GCC_NO_COMMON_BLOCKS = YES;
				GCC_WARN_64_TO_32_BIT_CONVERSION = YES;
				GCC_WARN_ABOUT_RETURN_TYPE = YES_ERROR;
				GCC_WARN_UNDECLARED_SELECTOR = YES;
				GCC_WARN_UNINITIALIZED_AUTOS = YES_AGGRESSIVE;
				GCC_WARN_UNUSED_FUNCTION = YES;
				GCC_WARN_UNUSED_VARIABLE = YES;
				MACOSX_DEPLOYMENT_TARGET = 12.3;
				MTL_ENABLE_DEBUG_INFO = NO;
				MTL_FAST_MATH = YES;
				SDKROOT = macosx;
			};
			name = Release;
		};
		558D6CEB2811AF840036F5AB /* Debug */ = {
			isa = XCBuildConfiguration;
			buildSettings = {
				ASSETCATALOG_COMPILER_APPICON_NAME = AppIcon;
				ASSETCATALOG_COMPILER_GLOBAL_ACCENT_COLOR_NAME = AccentColor;
				CODE_SIGN_ENTITLEMENTS = "Hello TouchEngine/Hello TouchEngine.entitlements";
				CODE_SIGN_IDENTITY = "Apple Development";
				CODE_SIGN_STYLE = Automatic;
				COMBINE_HIDPI_IMAGES = YES;
				CURRENT_PROJECT_VERSION = 1;
				DEVELOPMENT_TEAM = SWFQ99ZP9J;
				GENERATE_INFOPLIST_FILE = YES;
				INFOPLIST_FILE = "Hello TouchEngine/Info.plist";
				INFOPLIST_KEY_NSHumanReadableCopyright = "";
				INFOPLIST_KEY_NSMainStoryboardFile = Main;
				INFOPLIST_KEY_NSPrincipalClass = NSApplication;
				LD_RUNPATH_SEARCH_PATHS = (
					"$(inherited)",
					"@executable_path/../Frameworks",
				);
				MARKETING_VERSION = 1.0;
				PRODUCT_BUNDLE_IDENTIFIER = "ca.derivative.Hello-TouchEngine";
				PRODUCT_NAME = "$(TARGET_NAME)";
				SWIFT_EMIT_LOC_STRINGS = YES;
			};
			name = Debug;
		};
		558D6CEC2811AF840036F5AB /* Release */ = {
			isa = XCBuildConfiguration;
			buildSettings = {
				ASSETCATALOG_COMPILER_APPICON_NAME = AppIcon;
				ASSETCATALOG_COMPILER_GLOBAL_ACCENT_COLOR_NAME = AccentColor;
				CODE_SIGN_ENTITLEMENTS = "Hello TouchEngine/Hello TouchEngine.entitlements";
				CODE_SIGN_IDENTITY = "Apple Development";
				CODE_SIGN_STYLE = Automatic;
				COMBINE_HIDPI_IMAGES = YES;
				CURRENT_PROJECT_VERSION = 1;
				DEVELOPMENT_TEAM = SWFQ99ZP9J;
				GENERATE_INFOPLIST_FILE = YES;
				INFOPLIST_FILE = "Hello TouchEngine/Info.plist";
				INFOPLIST_KEY_NSHumanReadableCopyright = "";
				INFOPLIST_KEY_NSMainStoryboardFile = Main;
				INFOPLIST_KEY_NSPrincipalClass = NSApplication;
				LD_RUNPATH_SEARCH_PATHS = (
					"$(inherited)",
					"@executable_path/../Frameworks",
				);
				MARKETING_VERSION = 1.0;
				PRODUCT_BUNDLE_IDENTIFIER = "ca.derivative.Hello-TouchEngine";
				PRODUCT_NAME = "$(TARGET_NAME)";
				SWIFT_EMIT_LOC_STRINGS = YES;
			};
			name = Release;
		};
/* End XCBuildConfiguration section */

/* Begin XCConfigurationList section */
		558D6CD22811AF830036F5AB /* Build configuration list for PBXProject "Hello TouchEngine" */ = {
			isa = XCConfigurationList;
			buildConfigurations = (
				558D6CE82811AF840036F5AB /* Debug */,
				558D6CE92811AF840036F5AB /* Release */,
			);
			defaultConfigurationIsVisible = 0;
			defaultConfigurationName = Release;
		};
		558D6CEA2811AF840036F5AB /* Build configuration list for PBXNativeTarget "Hello TouchEngine" */ = {
			isa = XCConfigurationList;
			buildConfigurations = (
				558D6CEB2811AF840036F5AB /* Debug */,
				558D6CEC2811AF840036F5AB /* Release */,
			);
			defaultConfigurationIsVisible = 0;
			defaultConfigurationName = Release;
		};
/* End XCConfigurationList section */
	};
	rootObject = 558D6CCF2811AF830036F5AB /* Project object */;
}
